
Microsoft Visual Studio Solution File, Format Version 12.00
# Visual Studio 2013
VisualStudioVersion = 12.0.30110.0
MinimumVisualStudioVersion = 10.0.40219.1
Project("{8BC9CEB8-8B4A-11D0-8D11-00A0C91BC942}") = "eternal-engine-graphics", "eternal-engine-graphics\eternal-engine-graphics.vcxproj", "{7BFECF84-04D0-4BBC-BCB9-DA51D5564E95}"
EndProject
Project("{8BC9CEB8-8B4A-11D0-8D11-00A0C91BC942}") = "eternal-engine-utils", "eternal-engine-utils\eternal-engine-utils.vcxproj", "{23D5DF8E-B7C8-40C2-B797-8C06280D1F24}"
EndProject
Project("{8BC9CEB8-8B4A-11D0-8D11-00A0C91BC942}") = "eternal-engine-sandbox", "eternal-engine-sandbox\eternal-engine-sandbox.vcxproj", "{6773D9B2-1D0F-482A-A856-DC9C24ABF810}"
	ProjectSection(ProjectDependencies) = postProject
		{7BFECF84-04D0-4BBC-BCB9-DA51D5564E95} = {7BFECF84-04D0-4BBC-BCB9-DA51D5564E95}
	EndProjectSection
EndProject
Project("{8BC9CEB8-8B4A-11D0-8D11-00A0C91BC942}") = "eternal-engine-components", "eternal-engine-components\eternal-engine-components.vcxproj", "{8A5A5437-7E81-42BC-9DA7-1693D20B73BA}"
EndProject
Global
	GlobalSection(SolutionConfigurationPlatforms) = preSolution
		Debug|Win32 = Debug|Win32
		Debug|x64 = Debug|x64
		Release|Win32 = Release|Win32
		Release|x64 = Release|x64
	EndGlobalSection
	GlobalSection(ProjectConfigurationPlatforms) = postSolution
		{7BFECF84-04D0-4BBC-BCB9-DA51D5564E95}.Debug|Win32.ActiveCfg = Debug|Win32
		{7BFECF84-04D0-4BBC-BCB9-DA51D5564E95}.Debug|Win32.Build.0 = Debug|Win32
		{7BFECF84-04D0-4BBC-BCB9-DA51D5564E95}.Debug|x64.ActiveCfg = Debug|x64
		{7BFECF84-04D0-4BBC-BCB9-DA51D5564E95}.Debug|x64.Build.0 = Debug|x64
		{7BFECF84-04D0-4BBC-BCB9-DA51D5564E95}.Release|Win32.ActiveCfg = Release|Win32
		{7BFECF84-04D0-4BBC-BCB9-DA51D5564E95}.Release|Win32.Build.0 = Release|Win32
		{7BFECF84-04D0-4BBC-BCB9-DA51D5564E95}.Release|x64.ActiveCfg = Release|x64
		{7BFECF84-04D0-4BBC-BCB9-DA51D5564E95}.Release|x64.Build.0 = Release|x64
		{23D5DF8E-B7C8-40C2-B797-8C06280D1F24}.Debug|Win32.ActiveCfg = Debug|Win32
		{23D5DF8E-B7C8-40C2-B797-8C06280D1F24}.Debug|Win32.Build.0 = Debug|Win32
		{23D5DF8E-B7C8-40C2-B797-8C06280D1F24}.Debug|x64.ActiveCfg = Debug|x64
		{23D5DF8E-B7C8-40C2-B797-8C06280D1F24}.Debug|x64.Build.0 = Debug|x64
		{23D5DF8E-B7C8-40C2-B797-8C06280D1F24}.Release|Win32.ActiveCfg = Release|Win32
		{23D5DF8E-B7C8-40C2-B797-8C06280D1F24}.Release|Win32.Build.0 = Release|Win32
		{23D5DF8E-B7C8-40C2-B797-8C06280D1F24}.Release|x64.ActiveCfg = Release|x64
		{23D5DF8E-B7C8-40C2-B797-8C06280D1F24}.Release|x64.Build.0 = Release|x64
		{6773D9B2-1D0F-482A-A856-DC9C24ABF810}.Debug|Win32.ActiveCfg = Debug|Win32
		{6773D9B2-1D0F-482A-A856-DC9C24ABF810}.Debug|Win32.Build.0 = Debug|Win32
		{6773D9B2-1D0F-482A-A856-DC9C24ABF810}.Debug|x64.ActiveCfg = Debug|x64
		{6773D9B2-1D0F-482A-A856-DC9C24ABF810}.Debug|x64.Build.0 = Debug|x64
		{6773D9B2-1D0F-482A-A856-DC9C24ABF810}.Release|Win32.ActiveCfg = Release|Win32
		{6773D9B2-1D0F-482A-A856-DC9C24ABF810}.Release|Win32.Build.0 = Release|Win32
		{6773D9B2-1D0F-482A-A856-DC9C24ABF810}.Release|x64.ActiveCfg = Release|x64
		{6773D9B2-1D0F-482A-A856-DC9C24ABF810}.Release|x64.Build.0 = Release|x64
		{8A5A5437-7E81-42BC-9DA7-1693D20B73BA}.Debug|Win32.ActiveCfg = Debug|Win32
		{8A5A5437-7E81-42BC-9DA7-1693D20B73BA}.Debug|Win32.Build.0 = Debug|Win32
		{8A5A5437-7E81-42BC-9DA7-1693D20B73BA}.Debug|x64.ActiveCfg = Debug|x64
		{8A5A5437-7E81-42BC-9DA7-1693D20B73BA}.Debug|x64.Build.0 = Debug|x64
		{8A5A5437-7E81-42BC-9DA7-1693D20B73BA}.Release|Win32.ActiveCfg = Release|Win32
		{8A5A5437-7E81-42BC-9DA7-1693D20B73BA}.Release|Win32.Build.0 = Release|Win32
		{8A5A5437-7E81-42BC-9DA7-1693D20B73BA}.Release|x64.ActiveCfg = Release|Win32
	EndGlobalSection
	GlobalSection(SolutionProperties) = preSolution
		HideSolutionNode = FALSE
	EndGlobalSection
EndGlobal
